// !$*UTF8*$!
{
	archiveVersion = 1;
	classes = {
	};
	objectVersion = 55;
	objects = {

/* Begin PBXBuildFile section */
		D7237C86289AB7DB003CF15A /* NewsLanguages.swift in Sources */ = {isa = PBXBuildFile; fileRef = D7237C85289AB7DB003CF15A /* NewsLanguages.swift */; };
		D733E657289F4FBF00394D39 /* ArticlesDB+CoreDataClass.swift in Sources */ = {isa = PBXBuildFile; fileRef = D733E655289F4FBF00394D39 /* ArticlesDB+CoreDataClass.swift */; };
		D733E658289F4FBF00394D39 /* ArticlesDB+CoreDataProperties.swift in Sources */ = {isa = PBXBuildFile; fileRef = D733E656289F4FBF00394D39 /* ArticlesDB+CoreDataProperties.swift */; };
		D733E66928A2B15B00394D39 /* SourceResponse.swift in Sources */ = {isa = PBXBuildFile; fileRef = D733E66828A2B15B00394D39 /* SourceResponse.swift */; };
		D733E66B28A2BB4A00394D39 /* ApiEndpoint.swift in Sources */ = {isa = PBXBuildFile; fileRef = D733E66A28A2BB4A00394D39 /* ApiEndpoint.swift */; };
		D735F8E0289A8D95005BB73E /* UserSettingsView.swift in Sources */ = {isa = PBXBuildFile; fileRef = D735F8DF289A8D95005BB73E /* UserSettingsView.swift */; };
		D74345242899B3B800C1C5BD /* PreviewNewsAPI.json in Resources */ = {isa = PBXBuildFile; fileRef = D74345232899B3B800C1C5BD /* PreviewNewsAPI.json */; };
		D74345262899B40500C1C5BD /* PreviewData.swift in Sources */ = {isa = PBXBuildFile; fileRef = D74345252899B40500C1C5BD /* PreviewData.swift */; };
		D74345282899BCE700C1C5BD /* NewsListView.swift in Sources */ = {isa = PBXBuildFile; fileRef = D74345272899BCE700C1C5BD /* NewsListView.swift */; };
		D75C979F289323350062EC45 /* NewsAppApp.swift in Sources */ = {isa = PBXBuildFile; fileRef = D75C979E289323350062EC45 /* NewsAppApp.swift */; };
		D75C97A1289323350062EC45 /* ContentView.swift in Sources */ = {isa = PBXBuildFile; fileRef = D75C97A0289323350062EC45 /* ContentView.swift */; };
		D75C97A3289323360062EC45 /* Assets.xcassets in Resources */ = {isa = PBXBuildFile; fileRef = D75C97A2289323360062EC45 /* Assets.xcassets */; };
		D75C97A6289323360062EC45 /* Preview Assets.xcassets in Resources */ = {isa = PBXBuildFile; fileRef = D75C97A5289323360062EC45 /* Preview Assets.xcassets */; };
		D75C97AF289329BA0062EC45 /* ArticlesData.swift in Sources */ = {isa = PBXBuildFile; fileRef = D75C97AE289329BA0062EC45 /* ArticlesData.swift */; };
		D75C97B1289338E60062EC45 /* NewsApiResponse.swift in Sources */ = {isa = PBXBuildFile; fileRef = D75C97B0289338E60062EC45 /* NewsApiResponse.swift */; };
		D75C97B5289351EF0062EC45 /* NewsRowView.swift in Sources */ = {isa = PBXBuildFile; fileRef = D75C97B4289351EF0062EC45 /* NewsRowView.swift */; };
		D7AF17372895F23200F301A6 /* Lottie in Frameworks */ = {isa = PBXBuildFile; productRef = D7AF17362895F23200F301A6 /* Lottie */; };
		D7AF17392895F43100F301A6 /* LottieView.swift in Sources */ = {isa = PBXBuildFile; fileRef = D7AF17382895F43100F301A6 /* LottieView.swift */; };
		D7AF173E2895F9F400F301A6 /* SplachScreenView.swift in Sources */ = {isa = PBXBuildFile; fileRef = D7AF173D2895F9F400F301A6 /* SplachScreenView.swift */; };
		D7AF17402895FB8800F301A6 /* NewsView.swift in Sources */ = {isa = PBXBuildFile; fileRef = D7AF173F2895FB8800F301A6 /* NewsView.swift */; };
		D7AF17452896ECBD00F301A6 /* app_loading.json in Resources */ = {isa = PBXBuildFile; fileRef = D7AF17442896ECBC00F301A6 /* app_loading.json */; };
		D7AF174E2898447E00F301A6 /* EmptyNewsView.swift in Sources */ = {isa = PBXBuildFile; fileRef = D7AF174D2898447E00F301A6 /* EmptyNewsView.swift */; };
		D7D54ABA289B00C80026A71E /* UserSettings.swift in Sources */ = {isa = PBXBuildFile; fileRef = D7D54AB9289B00C80026A71E /* UserSettings.swift */; };
		D7D54ABD289BDBA20026A71E /* NewsApp.xcdatamodeld in Sources */ = {isa = PBXBuildFile; fileRef = D7D54ABB289BDBA20026A71E /* NewsApp.xcdatamodeld */; };
		D7D54AC0289BDEC10026A71E /* PersistenceController.swift in Sources */ = {isa = PBXBuildFile; fileRef = D7D54ABF289BDEC10026A71E /* PersistenceController.swift */; };
		D7D54AE6289BF0B90026A71E /* FavoritesRowView.swift in Sources */ = {isa = PBXBuildFile; fileRef = D7D54AE5289BF0B90026A71E /* FavoritesRowView.swift */; };
		D7D54AEC289C020D0026A71E /* FavoritesView.swift in Sources */ = {isa = PBXBuildFile; fileRef = D7D54AEB289C020D0026A71E /* FavoritesView.swift */; };
		D7D54AFB289F17E20026A71E /* ErrorHandling.swift in Sources */ = {isa = PBXBuildFile; fileRef = D7D54AFA289F17E20026A71E /* ErrorHandling.swift */; };
		D7ECFB5C2893644900ECE65A /* WebView.swift in Sources */ = {isa = PBXBuildFile; fileRef = D7ECFB5B2893644900ECE65A /* WebView.swift */; };
		D7ECFB6928945D1500ECE65A /* API.swift in Sources */ = {isa = PBXBuildFile; fileRef = D7ECFB6828945D1500ECE65A /* API.swift */; };
		D7ECFB6C28945D4900ECE65A /* APIConstants.swift in Sources */ = {isa = PBXBuildFile; fileRef = D7ECFB6B28945D4900ECE65A /* APIConstants.swift */; };
		D7ECFB6F289579C700ECE65A /* APIErrors.swift in Sources */ = {isa = PBXBuildFile; fileRef = D7ECFB6E289579C700ECE65A /* APIErrors.swift */; };
/* End PBXBuildFile section */

/* Begin PBXFileReference section */
		D7237C85289AB7DB003CF15A /* NewsLanguages.swift */ = {isa = PBXFileReference; lastKnownFileType = sourcecode.swift; path = NewsLanguages.swift; sourceTree = "<group>"; };
		D733E655289F4FBF00394D39 /* ArticlesDB+CoreDataClass.swift */ = {isa = PBXFileReference; lastKnownFileType = sourcecode.swift; path = "ArticlesDB+CoreDataClass.swift"; sourceTree = "<group>"; };
		D733E656289F4FBF00394D39 /* ArticlesDB+CoreDataProperties.swift */ = {isa = PBXFileReference; lastKnownFileType = sourcecode.swift; path = "ArticlesDB+CoreDataProperties.swift"; sourceTree = "<group>"; };
		D733E66728A06F8800394D39 /* NewsApp 2.xcdatamodel */ = {isa = PBXFileReference; lastKnownFileType = wrapper.xcdatamodel; path = "NewsApp 2.xcdatamodel"; sourceTree = "<group>"; };
		D733E66828A2B15B00394D39 /* SourceResponse.swift */ = {isa = PBXFileReference; lastKnownFileType = sourcecode.swift; path = SourceResponse.swift; sourceTree = "<group>"; };
		D733E66A28A2BB4A00394D39 /* ApiEndpoint.swift */ = {isa = PBXFileReference; lastKnownFileType = sourcecode.swift; path = ApiEndpoint.swift; sourceTree = "<group>"; };
		D735F8DF289A8D95005BB73E /* UserSettingsView.swift */ = {isa = PBXFileReference; lastKnownFileType = sourcecode.swift; path = UserSettingsView.swift; sourceTree = "<group>"; };
		D74345232899B3B800C1C5BD /* PreviewNewsAPI.json */ = {isa = PBXFileReference; fileEncoding = 4; lastKnownFileType = text.json; path = PreviewNewsAPI.json; sourceTree = "<group>"; };
		D74345252899B40500C1C5BD /* PreviewData.swift */ = {isa = PBXFileReference; lastKnownFileType = sourcecode.swift; path = PreviewData.swift; sourceTree = "<group>"; };
		D74345272899BCE700C1C5BD /* NewsListView.swift */ = {isa = PBXFileReference; lastKnownFileType = sourcecode.swift; path = NewsListView.swift; sourceTree = "<group>"; };
		D75C979B289323350062EC45 /* NewsApp.app */ = {isa = PBXFileReference; explicitFileType = wrapper.application; includeInIndex = 0; path = NewsApp.app; sourceTree = BUILT_PRODUCTS_DIR; };
		D75C979E289323350062EC45 /* NewsAppApp.swift */ = {isa = PBXFileReference; lastKnownFileType = sourcecode.swift; path = NewsAppApp.swift; sourceTree = "<group>"; };
		D75C97A0289323350062EC45 /* ContentView.swift */ = {isa = PBXFileReference; lastKnownFileType = sourcecode.swift; path = ContentView.swift; sourceTree = "<group>"; };
		D75C97A2289323360062EC45 /* Assets.xcassets */ = {isa = PBXFileReference; lastKnownFileType = folder.assetcatalog; path = Assets.xcassets; sourceTree = "<group>"; };
		D75C97A5289323360062EC45 /* Preview Assets.xcassets */ = {isa = PBXFileReference; lastKnownFileType = folder.assetcatalog; path = "Preview Assets.xcassets"; sourceTree = "<group>"; };
		D75C97AE289329BA0062EC45 /* ArticlesData.swift */ = {isa = PBXFileReference; lastKnownFileType = sourcecode.swift; path = ArticlesData.swift; sourceTree = "<group>"; };
		D75C97B0289338E60062EC45 /* NewsApiResponse.swift */ = {isa = PBXFileReference; lastKnownFileType = sourcecode.swift; path = NewsApiResponse.swift; sourceTree = "<group>"; };
		D75C97B4289351EF0062EC45 /* NewsRowView.swift */ = {isa = PBXFileReference; lastKnownFileType = sourcecode.swift; path = NewsRowView.swift; sourceTree = "<group>"; };
		D7AF17382895F43100F301A6 /* LottieView.swift */ = {isa = PBXFileReference; lastKnownFileType = sourcecode.swift; path = LottieView.swift; sourceTree = "<group>"; };
		D7AF173D2895F9F400F301A6 /* SplachScreenView.swift */ = {isa = PBXFileReference; lastKnownFileType = sourcecode.swift; path = SplachScreenView.swift; sourceTree = "<group>"; };
		D7AF173F2895FB8800F301A6 /* NewsView.swift */ = {isa = PBXFileReference; lastKnownFileType = sourcecode.swift; path = NewsView.swift; sourceTree = "<group>"; };
		D7AF17442896ECBC00F301A6 /* app_loading.json */ = {isa = PBXFileReference; fileEncoding = 4; lastKnownFileType = text.json; path = app_loading.json; sourceTree = "<group>"; };
		D7AF174D2898447E00F301A6 /* EmptyNewsView.swift */ = {isa = PBXFileReference; lastKnownFileType = sourcecode.swift; path = EmptyNewsView.swift; sourceTree = "<group>"; };
		D7D54AB9289B00C80026A71E /* UserSettings.swift */ = {isa = PBXFileReference; lastKnownFileType = sourcecode.swift; path = UserSettings.swift; sourceTree = "<group>"; };
		D7D54ABC289BDBA20026A71E /* NewsApp.xcdatamodel */ = {isa = PBXFileReference; lastKnownFileType = wrapper.xcdatamodel; path = NewsApp.xcdatamodel; sourceTree = "<group>"; };
		D7D54ABF289BDEC10026A71E /* PersistenceController.swift */ = {isa = PBXFileReference; lastKnownFileType = sourcecode.swift; name = PersistenceController.swift; path = NewsApp/Services/Storage/PersistenceController.swift; sourceTree = SOURCE_ROOT; };
		D7D54AE5289BF0B90026A71E /* FavoritesRowView.swift */ = {isa = PBXFileReference; lastKnownFileType = sourcecode.swift; path = FavoritesRowView.swift; sourceTree = "<group>"; };
		D7D54AEB289C020D0026A71E /* FavoritesView.swift */ = {isa = PBXFileReference; lastKnownFileType = sourcecode.swift; path = FavoritesView.swift; sourceTree = "<group>"; };
		D7D54AFA289F17E20026A71E /* ErrorHandling.swift */ = {isa = PBXFileReference; lastKnownFileType = sourcecode.swift; path = ErrorHandling.swift; sourceTree = "<group>"; };
		D7ECFB5B2893644900ECE65A /* WebView.swift */ = {isa = PBXFileReference; lastKnownFileType = sourcecode.swift; path = WebView.swift; sourceTree = "<group>"; };
		D7ECFB6828945D1500ECE65A /* API.swift */ = {isa = PBXFileReference; lastKnownFileType = sourcecode.swift; path = API.swift; sourceTree = "<group>"; };
		D7ECFB6B28945D4900ECE65A /* APIConstants.swift */ = {isa = PBXFileReference; lastKnownFileType = sourcecode.swift; path = APIConstants.swift; sourceTree = "<group>"; };
		D7ECFB6E289579C700ECE65A /* APIErrors.swift */ = {isa = PBXFileReference; lastKnownFileType = sourcecode.swift; path = APIErrors.swift; sourceTree = "<group>"; };
/* End PBXFileReference section */

/* Begin PBXFrameworksBuildPhase section */
		D75C9798289323350062EC45 /* Frameworks */ = {
			isa = PBXFrameworksBuildPhase;
			buildActionMask = 2147483647;
			files = (
				D7AF17372895F23200F301A6 /* Lottie in Frameworks */,
			);
			runOnlyForDeploymentPostprocessing = 0;
		};
/* End PBXFrameworksBuildPhase section */

/* Begin PBXGroup section */
		D735F8DC2899E304005BB73E /* Animation */ = {
			isa = PBXGroup;
			children = (
				D7AF17442896ECBC00F301A6 /* app_loading.json */,
			);
			path = Animation;
			sourceTree = "<group>";
		};
		D735F8DD289A8D5F005BB73E /* UserSettingsScreen */ = {
			isa = PBXGroup;
			children = (
				D735F8DF289A8D95005BB73E /* UserSettingsView.swift */,
			);
			path = UserSettingsScreen;
			sourceTree = "<group>";
		};
		D75C9792289323350062EC45 = {
			isa = PBXGroup;
			children = (
				D75C979D289323350062EC45 /* NewsApp */,
				D75C979C289323350062EC45 /* Products */,
			);
			sourceTree = "<group>";
		};
		D75C979C289323350062EC45 /* Products */ = {
			isa = PBXGroup;
			children = (
				D75C979B289323350062EC45 /* NewsApp.app */,
			);
			name = Products;
			sourceTree = "<group>";
		};
		D75C979D289323350062EC45 /* NewsApp */ = {
			isa = PBXGroup;
			children = (
				D75C979E289323350062EC45 /* NewsAppApp.swift */,
				D7ECFB6D28945D8C00ECE65A /* Services */,
				D7ECFB6A28945D2A00ECE65A /* Constants */,
				D7D54AF4289D937F0026A71E /* View */,
				D7ECFB5F2893E0FF00ECE65A /* Model */,
				D7D54AF2289D92F90026A71E /* Scenes */,
				D7AF173C2895F72900F301A6 /* Resources */,
				D75C97A4289323360062EC45 /* Preview Content */,
			);
			path = NewsApp;
			sourceTree = "<group>";
		};
		D75C97A4289323360062EC45 /* Preview Content */ = {
			isa = PBXGroup;
			children = (
				D74345232899B3B800C1C5BD /* PreviewNewsAPI.json */,
				D74345252899B40500C1C5BD /* PreviewData.swift */,
				D75C97A5289323360062EC45 /* Preview Assets.xcassets */,
			);
			path = "Preview Content";
			sourceTree = "<group>";
		};
		D7AF173C2895F72900F301A6 /* Resources */ = {
			isa = PBXGroup;
			children = (
				D735F8DC2899E304005BB73E /* Animation */,
				D75C97A2289323360062EC45 /* Assets.xcassets */,
			);
			path = Resources;
			sourceTree = "<group>";
		};
		D7AF17412896E86000F301A6 /* NewsScreen */ = {
			isa = PBXGroup;
			children = (
				D7AF173F2895FB8800F301A6 /* NewsView.swift */,
				D74345272899BCE700C1C5BD /* NewsListView.swift */,
				D75C97B4289351EF0062EC45 /* NewsRowView.swift */,
			);
			path = NewsScreen;
			sourceTree = "<group>";
		};
		D7AF17432896E8D000F301A6 /* API */ = {
			isa = PBXGroup;
			children = (
				D7ECFB6828945D1500ECE65A /* API.swift */,
				D733E66A28A2BB4A00394D39 /* ApiEndpoint.swift */,
				D7ECFB6E289579C700ECE65A /* APIErrors.swift */,
			);
			path = API;
			sourceTree = "<group>";
		};
		D7AF1746289721FC00F301A6 /* SplachScreen */ = {
			isa = PBXGroup;
			children = (
				D7AF173D2895F9F400F301A6 /* SplachScreenView.swift */,
			);
			path = SplachScreen;
			sourceTree = "<group>";
		};
		D7D54ABE289BDC880026A71E /* FavoritesScreen */ = {
			isa = PBXGroup;
			children = (
				D7D54AEB289C020D0026A71E /* FavoritesView.swift */,
				D7D54AE5289BF0B90026A71E /* FavoritesRowView.swift */,
			);
			path = FavoritesScreen;
			sourceTree = "<group>";
		};
		D7D54AE4289BE8D70026A71E /* Extensions */ = {
			isa = PBXGroup;
			children = (
				D733E655289F4FBF00394D39 /* ArticlesDB+CoreDataClass.swift */,
				D733E656289F4FBF00394D39 /* ArticlesDB+CoreDataProperties.swift */,
			);
			path = Extensions;
			sourceTree = "<group>";
		};
		D7D54AF1289D56B90026A71E /* Storage */ = {
			isa = PBXGroup;
			children = (
				D7D54ABF289BDEC10026A71E /* PersistenceController.swift */,
				D7D54AE4289BE8D70026A71E /* Extensions */,
				D7D54ABB289BDBA20026A71E /* NewsApp.xcdatamodeld */,
			);
			path = Storage;
			sourceTree = "<group>";
		};
		D7D54AF2289D92F90026A71E /* Scenes */ = {
			isa = PBXGroup;
			children = (
				D735F8DD289A8D5F005BB73E /* UserSettingsScreen */,
				D7D54ABE289BDC880026A71E /* FavoritesScreen */,
				D7AF17412896E86000F301A6 /* NewsScreen */,
				D7AF1746289721FC00F301A6 /* SplachScreen */,
			);
			path = Scenes;
			sourceTree = "<group>";
		};
		D7D54AF3289D93510026A71E /* UserDefaults */ = {
			isa = PBXGroup;
			children = (
				D7D54AB9289B00C80026A71E /* UserSettings.swift */,
			);
			path = UserDefaults;
			sourceTree = "<group>";
		};
		D7D54AF4289D937F0026A71E /* View */ = {
			isa = PBXGroup;
			children = (
				D75C97A0289323350062EC45 /* ContentView.swift */,
				D7AF174D2898447E00F301A6 /* EmptyNewsView.swift */,
				D7AF17382895F43100F301A6 /* LottieView.swift */,
				D7ECFB5B2893644900ECE65A /* WebView.swift */,
			);
			path = View;
			sourceTree = "<group>";
		};
		D7ECFB5F2893E0FF00ECE65A /* Model */ = {
			isa = PBXGroup;
			children = (
				D7237C85289AB7DB003CF15A /* NewsLanguages.swift */,
				D75C97AE289329BA0062EC45 /* ArticlesData.swift */,
				D75C97B0289338E60062EC45 /* NewsApiResponse.swift */,
				D733E66828A2B15B00394D39 /* SourceResponse.swift */,
			);
			path = Model;
			sourceTree = "<group>";
		};
		D7ECFB6A28945D2A00ECE65A /* Constants */ = {
			isa = PBXGroup;
			children = (
				D7ECFB6B28945D4900ECE65A /* APIConstants.swift */,
			);
			path = Constants;
			sourceTree = "<group>";
		};
		D7ECFB6D28945D8C00ECE65A /* Services */ = {
			isa = PBXGroup;
			children = (
				D7D54AF3289D93510026A71E /* UserDefaults */,
				D7D54AF1289D56B90026A71E /* Storage */,
				D7AF17432896E8D000F301A6 /* API */,
				D7D54AFA289F17E20026A71E /* ErrorHandling.swift */,
			);
			path = Services;
			sourceTree = "<group>";
		};
/* End PBXGroup section */

/* Begin PBXNativeTarget section */
		D75C979A289323350062EC45 /* NewsApp */ = {
			isa = PBXNativeTarget;
			buildConfigurationList = D75C97A9289323360062EC45 /* Build configuration list for PBXNativeTarget "NewsApp" */;
			buildPhases = (
				D75C9797289323350062EC45 /* Sources */,
				D75C9798289323350062EC45 /* Frameworks */,
				D75C9799289323350062EC45 /* Resources */,
			);
			buildRules = (
			);
			dependencies = (
			);
			name = NewsApp;
			packageProductDependencies = (
				D7AF17362895F23200F301A6 /* Lottie */,
			);
			productName = NewsApp;
			productReference = D75C979B289323350062EC45 /* NewsApp.app */;
			productType = "com.apple.product-type.application";
		};
/* End PBXNativeTarget section */

/* Begin PBXProject section */
		D75C9793289323350062EC45 /* Project object */ = {
			isa = PBXProject;
			attributes = {
				BuildIndependentTargetsInParallel = 1;
				LastSwiftUpdateCheck = 1340;
				LastUpgradeCheck = 1340;
				TargetAttributes = {
					D75C979A289323350062EC45 = {
						CreatedOnToolsVersion = 13.4.1;
					};
				};
			};
			buildConfigurationList = D75C9796289323350062EC45 /* Build configuration list for PBXProject "NewsApp" */;
			compatibilityVersion = "Xcode 13.0";
			developmentRegion = en;
			hasScannedForEncodings = 0;
			knownRegions = (
				en,
				Base,
			);
			mainGroup = D75C9792289323350062EC45;
			packageReferences = (
				D7AF17352895F23200F301A6 /* XCRemoteSwiftPackageReference "lottie-ios" */,
			);
			productRefGroup = D75C979C289323350062EC45 /* Products */;
			projectDirPath = "";
			projectRoot = "";
			targets = (
				D75C979A289323350062EC45 /* NewsApp */,
			);
		};
/* End PBXProject section */

/* Begin PBXResourcesBuildPhase section */
		D75C9799289323350062EC45 /* Resources */ = {
			isa = PBXResourcesBuildPhase;
			buildActionMask = 2147483647;
			files = (
				D74345242899B3B800C1C5BD /* PreviewNewsAPI.json in Resources */,
				D7AF17452896ECBD00F301A6 /* app_loading.json in Resources */,
				D75C97A6289323360062EC45 /* Preview Assets.xcassets in Resources */,
				D75C97A3289323360062EC45 /* Assets.xcassets in Resources */,
			);
			runOnlyForDeploymentPostprocessing = 0;
		};
/* End PBXResourcesBuildPhase section */

/* Begin PBXSourcesBuildPhase section */
		D75C9797289323350062EC45 /* Sources */ = {
			isa = PBXSourcesBuildPhase;
			buildActionMask = 2147483647;
			files = (
				D75C97AF289329BA0062EC45 /* ArticlesData.swift in Sources */,
				D74345282899BCE700C1C5BD /* NewsListView.swift in Sources */,
				D735F8E0289A8D95005BB73E /* UserSettingsView.swift in Sources */,
				D7D54AC0289BDEC10026A71E /* PersistenceController.swift in Sources */,
				D733E657289F4FBF00394D39 /* ArticlesDB+CoreDataClass.swift in Sources */,
				D7AF173E2895F9F400F301A6 /* SplachScreenView.swift in Sources */,
				D75C97B5289351EF0062EC45 /* NewsRowView.swift in Sources */,
				D75C97B1289338E60062EC45 /* NewsApiResponse.swift in Sources */,
				D75C97A1289323350062EC45 /* ContentView.swift in Sources */,
				D74345262899B40500C1C5BD /* PreviewData.swift in Sources */,
				D733E66928A2B15B00394D39 /* SourceResponse.swift in Sources */,
				D7ECFB6F289579C700ECE65A /* APIErrors.swift in Sources */,
				D7D54ABA289B00C80026A71E /* UserSettings.swift in Sources */,
				D7D54ABD289BDBA20026A71E /* NewsApp.xcdatamodeld in Sources */,
				D733E658289F4FBF00394D39 /* ArticlesDB+CoreDataProperties.swift in Sources */,
				D7D54AEC289C020D0026A71E /* FavoritesView.swift in Sources */,
				D7AF174E2898447E00F301A6 /* EmptyNewsView.swift in Sources */,
				D733E66B28A2BB4A00394D39 /* ApiEndpoint.swift in Sources */,
				D7AF17402895FB8800F301A6 /* NewsView.swift in Sources */,
				D7D54AFB289F17E20026A71E /* ErrorHandling.swift in Sources */,
				D7ECFB6C28945D4900ECE65A /* APIConstants.swift in Sources */,
				D7237C86289AB7DB003CF15A /* NewsLanguages.swift in Sources */,
				D75C979F289323350062EC45 /* NewsAppApp.swift in Sources */,
				D7D54AE6289BF0B90026A71E /* FavoritesRowView.swift in Sources */,
				D7ECFB6928945D1500ECE65A /* API.swift in Sources */,
				D7AF17392895F43100F301A6 /* LottieView.swift in Sources */,
				D7ECFB5C2893644900ECE65A /* WebView.swift in Sources */,
			);
			runOnlyForDeploymentPostprocessing = 0;
		};
/* End PBXSourcesBuildPhase section */

/* Begin XCBuildConfiguration section */
		D75C97A7289323360062EC45 /* Debug */ = {
			isa = XCBuildConfiguration;
			buildSettings = {
				ALWAYS_SEARCH_USER_PATHS = NO;
				CLANG_ANALYZER_NONNULL = YES;
				CLANG_ANALYZER_NUMBER_OBJECT_CONVERSION = YES_AGGRESSIVE;
				CLANG_CXX_LANGUAGE_STANDARD = "gnu++17";
				CLANG_ENABLE_MODULES = YES;
				CLANG_ENABLE_OBJC_ARC = YES;
				CLANG_ENABLE_OBJC_WEAK = YES;
				CLANG_WARN_BLOCK_CAPTURE_AUTORELEASING = YES;
				CLANG_WARN_BOOL_CONVERSION = YES;
				CLANG_WARN_COMMA = YES;
				CLANG_WARN_CONSTANT_CONVERSION = YES;
				CLANG_WARN_DEPRECATED_OBJC_IMPLEMENTATIONS = YES;
				CLANG_WARN_DIRECT_OBJC_ISA_USAGE = YES_ERROR;
				CLANG_WARN_DOCUMENTATION_COMMENTS = YES;
				CLANG_WARN_EMPTY_BODY = YES;
				CLANG_WARN_ENUM_CONVERSION = YES;
				CLANG_WARN_INFINITE_RECURSION = YES;
				CLANG_WARN_INT_CONVERSION = YES;
				CLANG_WARN_NON_LITERAL_NULL_CONVERSION = YES;
				CLANG_WARN_OBJC_IMPLICIT_RETAIN_SELF = YES;
				CLANG_WARN_OBJC_LITERAL_CONVERSION = YES;
				CLANG_WARN_OBJC_ROOT_CLASS = YES_ERROR;
				CLANG_WARN_QUOTED_INCLUDE_IN_FRAMEWORK_HEADER = YES;
				CLANG_WARN_RANGE_LOOP_ANALYSIS = YES;
				CLANG_WARN_STRICT_PROTOTYPES = YES;
				CLANG_WARN_SUSPICIOUS_MOVE = YES;
				CLANG_WARN_UNGUARDED_AVAILABILITY = YES_AGGRESSIVE;
				CLANG_WARN_UNREACHABLE_CODE = YES;
				CLANG_WARN__DUPLICATE_METHOD_MATCH = YES;
				COPY_PHASE_STRIP = NO;
				DEBUG_INFORMATION_FORMAT = dwarf;
				ENABLE_STRICT_OBJC_MSGSEND = YES;
				ENABLE_TESTABILITY = YES;
				GCC_C_LANGUAGE_STANDARD = gnu11;
				GCC_DYNAMIC_NO_PIC = NO;
				GCC_NO_COMMON_BLOCKS = YES;
				GCC_OPTIMIZATION_LEVEL = 0;
				GCC_PREPROCESSOR_DEFINITIONS = (
					"DEBUG=1",
					"$(inherited)",
				);
				GCC_WARN_64_TO_32_BIT_CONVERSION = YES;
				GCC_WARN_ABOUT_RETURN_TYPE = YES_ERROR;
				GCC_WARN_UNDECLARED_SELECTOR = YES;
				GCC_WARN_UNINITIALIZED_AUTOS = YES_AGGRESSIVE;
				GCC_WARN_UNUSED_FUNCTION = YES;
				GCC_WARN_UNUSED_VARIABLE = YES;
				IPHONEOS_DEPLOYMENT_TARGET = 15.5;
				MTL_ENABLE_DEBUG_INFO = INCLUDE_SOURCE;
				MTL_FAST_MATH = YES;
				ONLY_ACTIVE_ARCH = YES;
				SDKROOT = iphoneos;
				SWIFT_ACTIVE_COMPILATION_CONDITIONS = DEBUG;
				SWIFT_OPTIMIZATION_LEVEL = "-Onone";
			};
			name = Debug;
		};
		D75C97A8289323360062EC45 /* Release */ = {
			isa = XCBuildConfiguration;
			buildSettings = {
				ALWAYS_SEARCH_USER_PATHS = NO;
				CLANG_ANALYZER_NONNULL = YES;
				CLANG_ANALYZER_NUMBER_OBJECT_CONVERSION = YES_AGGRESSIVE;
				CLANG_CXX_LANGUAGE_STANDARD = "gnu++17";
				CLANG_ENABLE_MODULES = YES;
				CLANG_ENABLE_OBJC_ARC = YES;
				CLANG_ENABLE_OBJC_WEAK = YES;
				CLANG_WARN_BLOCK_CAPTURE_AUTORELEASING = YES;
				CLANG_WARN_BOOL_CONVERSION = YES;
				CLANG_WARN_COMMA = YES;
				CLANG_WARN_CONSTANT_CONVERSION = YES;
				CLANG_WARN_DEPRECATED_OBJC_IMPLEMENTATIONS = YES;
				CLANG_WARN_DIRECT_OBJC_ISA_USAGE = YES_ERROR;
				CLANG_WARN_DOCUMENTATION_COMMENTS = YES;
				CLANG_WARN_EMPTY_BODY = YES;
				CLANG_WARN_ENUM_CONVERSION = YES;
				CLANG_WARN_INFINITE_RECURSION = YES;
				CLANG_WARN_INT_CONVERSION = YES;
				CLANG_WARN_NON_LITERAL_NULL_CONVERSION = YES;
				CLANG_WARN_OBJC_IMPLICIT_RETAIN_SELF = YES;
				CLANG_WARN_OBJC_LITERAL_CONVERSION = YES;
				CLANG_WARN_OBJC_ROOT_CLASS = YES_ERROR;
				CLANG_WARN_QUOTED_INCLUDE_IN_FRAMEWORK_HEADER = YES;
				CLANG_WARN_RANGE_LOOP_ANALYSIS = YES;
				CLANG_WARN_STRICT_PROTOTYPES = YES;
				CLANG_WARN_SUSPICIOUS_MOVE = YES;
				CLANG_WARN_UNGUARDED_AVAILABILITY = YES_AGGRESSIVE;
				CLANG_WARN_UNREACHABLE_CODE = YES;
				CLANG_WARN__DUPLICATE_METHOD_MATCH = YES;
				COPY_PHASE_STRIP = NO;
				DEBUG_INFORMATION_FORMAT = "dwarf-with-dsym";
				ENABLE_NS_ASSERTIONS = NO;
				ENABLE_STRICT_OBJC_MSGSEND = YES;
				GCC_C_LANGUAGE_STANDARD = gnu11;
				GCC_NO_COMMON_BLOCKS = YES;
				GCC_WARN_64_TO_32_BIT_CONVERSION = YES;
				GCC_WARN_ABOUT_RETURN_TYPE = YES_ERROR;
				GCC_WARN_UNDECLARED_SELECTOR = YES;
				GCC_WARN_UNINITIALIZED_AUTOS = YES_AGGRESSIVE;
				GCC_WARN_UNUSED_FUNCTION = YES;
				GCC_WARN_UNUSED_VARIABLE = YES;
				IPHONEOS_DEPLOYMENT_TARGET = 15.5;
				MTL_ENABLE_DEBUG_INFO = NO;
				MTL_FAST_MATH = YES;
				SDKROOT = iphoneos;
				SWIFT_COMPILATION_MODE = wholemodule;
				SWIFT_OPTIMIZATION_LEVEL = "-O";
				VALIDATE_PRODUCT = YES;
			};
			name = Release;
		};
		D75C97AA289323360062EC45 /* Debug */ = {
			isa = XCBuildConfiguration;
			buildSettings = {
				ASSETCATALOG_COMPILER_APPICON_NAME = AppIcon;
				ASSETCATALOG_COMPILER_GLOBAL_ACCENT_COLOR_NAME = AccentColor;
				CODE_SIGN_STYLE = Automatic;
				CURRENT_PROJECT_VERSION = 1;
				DEAD_CODE_STRIPPING = NO;
				DEVELOPMENT_ASSET_PATHS = "\"NewsApp/Preview Content\"";
				DEVELOPMENT_TEAM = DLL64G6ZHA;
				ENABLE_PREVIEWS = YES;
				GENERATE_INFOPLIST_FILE = YES;
				INFOPLIST_KEY_UIApplicationSceneManifest_Generation = YES;
				INFOPLIST_KEY_UIApplicationSupportsIndirectInputEvents = YES;
				INFOPLIST_KEY_UILaunchScreen_Generation = YES;
				INFOPLIST_KEY_UISupportedInterfaceOrientations_iPad = "UIInterfaceOrientationPortrait UIInterfaceOrientationPortraitUpsideDown UIInterfaceOrientationLandscapeLeft UIInterfaceOrientationLandscapeRight";
				INFOPLIST_KEY_UISupportedInterfaceOrientations_iPhone = "UIInterfaceOrientationPortrait UIInterfaceOrientationLandscapeLeft UIInterfaceOrientationLandscapeRight";
				LD_RUNPATH_SEARCH_PATHS = (
					"$(inherited)",
					"@executable_path/Frameworks",
				);
				MARKETING_VERSION = 1.0;
				PRODUCT_BUNDLE_IDENTIFIER = Personal.NewsApp;
				PRODUCT_NAME = "$(TARGET_NAME)";
				SWIFT_EMIT_LOC_STRINGS = YES;
				SWIFT_VERSION = 5.0;
				TARGETED_DEVICE_FAMILY = "1,2";
			};
			name = Debug;
		};
		D75C97AB289323360062EC45 /* Release */ = {
			isa = XCBuildConfiguration;
			buildSettings = {
				ASSETCATALOG_COMPILER_APPICON_NAME = AppIcon;
				ASSETCATALOG_COMPILER_GLOBAL_ACCENT_COLOR_NAME = AccentColor;
				CODE_SIGN_STYLE = Automatic;
				CURRENT_PROJECT_VERSION = 1;
				DEAD_CODE_STRIPPING = NO;
				DEVELOPMENT_ASSET_PATHS = "\"NewsApp/Preview Content\"";
				DEVELOPMENT_TEAM = DLL64G6ZHA;
				ENABLE_PREVIEWS = YES;
				GENERATE_INFOPLIST_FILE = YES;
				INFOPLIST_KEY_UIApplicationSceneManifest_Generation = YES;
				INFOPLIST_KEY_UIApplicationSupportsIndirectInputEvents = YES;
				INFOPLIST_KEY_UILaunchScreen_Generation = YES;
				INFOPLIST_KEY_UISupportedInterfaceOrientations_iPad = "UIInterfaceOrientationPortrait UIInterfaceOrientationPortraitUpsideDown UIInterfaceOrientationLandscapeLeft UIInterfaceOrientationLandscapeRight";
				INFOPLIST_KEY_UISupportedInterfaceOrientations_iPhone = "UIInterfaceOrientationPortrait UIInterfaceOrientationLandscapeLeft UIInterfaceOrientationLandscapeRight";
				LD_RUNPATH_SEARCH_PATHS = (
					"$(inherited)",
					"@executable_path/Frameworks",
				);
				MARKETING_VERSION = 1.0;
				PRODUCT_BUNDLE_IDENTIFIER = Personal.NewsApp;
				PRODUCT_NAME = "$(TARGET_NAME)";
				SWIFT_EMIT_LOC_STRINGS = YES;
				SWIFT_VERSION = 5.0;
				TARGETED_DEVICE_FAMILY = "1,2";
			};
			name = Release;
		};
/* End XCBuildConfiguration section */

/* Begin XCConfigurationList section */
		D75C9796289323350062EC45 /* Build configuration list for PBXProject "NewsApp" */ = {
			isa = XCConfigurationList;
			buildConfigurations = (
				D75C97A7289323360062EC45 /* Debug */,
				D75C97A8289323360062EC45 /* Release */,
			);
			defaultConfigurationIsVisible = 0;
			defaultConfigurationName = Release;
		};
		D75C97A9289323360062EC45 /* Build configuration list for PBXNativeTarget "NewsApp" */ = {
			isa = XCConfigurationList;
			buildConfigurations = (
				D75C97AA289323360062EC45 /* Debug */,
				D75C97AB289323360062EC45 /* Release */,
			);
			defaultConfigurationIsVisible = 0;
			defaultConfigurationName = Release;
		};
/* End XCConfigurationList section */

/* Begin XCRemoteSwiftPackageReference section */
		D7AF17352895F23200F301A6 /* XCRemoteSwiftPackageReference "lottie-ios" */ = {
			isa = XCRemoteSwiftPackageReference;
			repositoryURL = "https://github.com/airbnb/lottie-ios";
			requirement = {
				kind = upToNextMajorVersion;
				minimumVersion = 3.0.0;
			};
		};
/* End XCRemoteSwiftPackageReference section */

/* Begin XCSwiftPackageProductDependency section */
		D7AF17362895F23200F301A6 /* Lottie */ = {
			isa = XCSwiftPackageProductDependency;
			package = D7AF17352895F23200F301A6 /* XCRemoteSwiftPackageReference "lottie-ios" */;
			productName = Lottie;
		};
/* End XCSwiftPackageProductDependency section */

/* Begin XCVersionGroup section */
		D7D54ABB289BDBA20026A71E /* NewsApp.xcdatamodeld */ = {
			isa = XCVersionGroup;
			children = (
				D733E66728A06F8800394D39 /* NewsApp 2.xcdatamodel */,
				D7D54ABC289BDBA20026A71E /* NewsApp.xcdatamodel */,
			);
			currentVersion = D7D54ABC289BDBA20026A71E /* NewsApp.xcdatamodel */;
			path = NewsApp.xcdatamodeld;
			sourceTree = "<group>";
			versionGroupType = wrapper.xcdatamodel;
		};
/* End XCVersionGroup section */
	};
	rootObject = D75C9793289323350062EC45 /* Project object */;
}
